{
  "name": "lodash-tool",
  "version": "1.0.0",
  "lockfileVersion": 3,
  "requires": true,
  "packages": {
    "": {
      "name": "lodash-tool",
      "version": "1.0.0",
      "license": "ISC",
      "dependencies": {
        "lodash-tool": "^1.0.0",
        "lodash-ts": "^1.2.7",
        "ts-medal": "^1.0.0"
      }
    },
    "node_modules/lodash-tool": {
      "version": "1.0.0",
      "resolved": "https://registry.npmjs.org/lodash-tool/-/lodash-tool-1.0.0.tgz",
      "integrity": "sha512-3crtqIAoMvO3NzpH7f0fthCQnrjXBMSOFW2pi0U4hjCMJ0RuxU4ZnYiThIzHwfEbRSJTLcGkx84pkDxbBF77fA==",
      "dependencies": {
        "ts-medal": "^1.0.0"
      }
    },
    "node_modules/lodash-ts": {
      "version": "1.2.7",
      "resolved": "https://registry.npmjs.org/lodash-ts/-/lodash-ts-1.2.7.tgz",
      "integrity": "sha512-O9+vr6ikDdABxQX6TGfpD5nY4dBxCQi6rIfRgShHcmNWS3HRo68RORaBoDn82b+C9pZomnGWQUKcebfERU1WKA=="
    },
    "node_modules/ts-medal": {
      "version": "1.0.0",
      "resolved": "https://registry.npmjs.org/ts-medal/-/ts-medal-1.0.0.tgz",
      "integrity": "sha512-G4o4P6DAw8C4asIRj1frgUOor/tHXWL7Lf/wnHbXJZsS27Sy+mYL4oBroIlAldTHQCm+c8XNim9udGvLy7DvJw=="
    }
  }
}
